# Generated by pub
# See http://pub.dartlang.org/doc/glossary.html#lockfile
packages:
  browser:
    description: browser
    source: hosted
    version: "0.10.0+2"
  logging:
    description: logging
    source: hosted
    version: "0.9.3"
  pappes_utility:
    description: pappes_utility
    source: hosted
    version: "0.0.1"
  pappes_web_utility:
    description:
      path: "..\\..\\..\\..\\aarvark\\dart\\pappes_web_utility"
      relative: true
    source: path
    version: "0.0.1"
